
Microsoft Visual Studio Solution File, Format Version 12.00
Project("{FAE04EC0-301F-11D3-BF4B-00C04F79EFBC}") = "JBHiFi.Samir", "JBHiFi.Samir\JBHiFi.Samir.csproj", "{56B16FE0-D229-4BF9-A84E-AFADD1232A16}"
EndProject
Global
	GlobalSection(SolutionConfigurationPlatforms) = preSolution
		Debug|Any CPU = Debug|Any CPU
		Release|Any CPU = Release|Any CPU
	EndGlobalSection
	GlobalSection(ProjectConfigurationPlatforms) = postSolution
		{56B16FE0-D229-4BF9-A84E-AFADD1232A16}.Debug|Any CPU.ActiveCfg = Debug|Any CPU
		{56B16FE0-D229-4BF9-A84E-AFADD1232A16}.Debug|Any CPU.Build.0 = Debug|Any CPU
		{56B16FE0-D229-4BF9-A84E-AFADD1232A16}.Release|Any CPU.ActiveCfg = Release|Any CPU
		{56B16FE0-D229-4BF9-A84E-AFADD1232A16}.Release|Any CPU.Build.0 = Release|Any CPU
	EndGlobalSection
EndGlobal
