
Microsoft Visual Studio Solution File, Format Version 12.00
Project("{FAE04EC0-301F-11D3-BF4B-00C04F79EFBC}") = "Weather.Web", "Weather.Web\Weather.Web.csproj", "{56B16FE0-D229-4BF9-A84E-AFADD1232A16}"
EndProject
Project("{FAE04EC0-301F-11D3-BF4B-00C04F79EFBC}") = "Weather.Core", "Weather.Core\Weather.Core.csproj", "{F8F2BA67-B1EA-49BE-997E-2D2BF760EAEE}"
EndProject
Project("{FAE04EC0-301F-11D3-BF4B-00C04F79EFBC}") = "Weather.IntegrationTests", "Weather.IntegrationTests\Weather.IntegrationTests.csproj", "{C241581C-5B85-4DEE-82D4-CF490BFAA374}"
EndProject
Global
	GlobalSection(SolutionConfigurationPlatforms) = preSolution
		Debug|Any CPU = Debug|Any CPU
		Release|Any CPU = Release|Any CPU
	EndGlobalSection
	GlobalSection(ProjectConfigurationPlatforms) = postSolution
		{56B16FE0-D229-4BF9-A84E-AFADD1232A16}.Debug|Any CPU.ActiveCfg = Debug|Any CPU
		{56B16FE0-D229-4BF9-A84E-AFADD1232A16}.Debug|Any CPU.Build.0 = Debug|Any CPU
		{56B16FE0-D229-4BF9-A84E-AFADD1232A16}.Release|Any CPU.ActiveCfg = Release|Any CPU
		{56B16FE0-D229-4BF9-A84E-AFADD1232A16}.Release|Any CPU.Build.0 = Release|Any CPU
		{F8F2BA67-B1EA-49BE-997E-2D2BF760EAEE}.Debug|Any CPU.ActiveCfg = Debug|Any CPU
		{F8F2BA67-B1EA-49BE-997E-2D2BF760EAEE}.Debug|Any CPU.Build.0 = Debug|Any CPU
		{F8F2BA67-B1EA-49BE-997E-2D2BF760EAEE}.Release|Any CPU.ActiveCfg = Release|Any CPU
		{F8F2BA67-B1EA-49BE-997E-2D2BF760EAEE}.Release|Any CPU.Build.0 = Release|Any CPU
		{C241581C-5B85-4DEE-82D4-CF490BFAA374}.Debug|Any CPU.ActiveCfg = Debug|Any CPU
		{C241581C-5B85-4DEE-82D4-CF490BFAA374}.Debug|Any CPU.Build.0 = Debug|Any CPU
		{C241581C-5B85-4DEE-82D4-CF490BFAA374}.Release|Any CPU.ActiveCfg = Release|Any CPU
		{C241581C-5B85-4DEE-82D4-CF490BFAA374}.Release|Any CPU.Build.0 = Release|Any CPU
	EndGlobalSection
EndGlobal
